
Microsoft Visual Studio Solution File, Format Version 12.00
# Visual Studio Version 17
VisualStudioVersion = 17.9.34728.123
MinimumVisualStudioVersion = 10.0.40219.1
Project("{FAE04EC0-301F-11D3-BF4B-00C04F79EFBC}") = "SalesWS", "SalesWS.csproj", "{17E4957F-5ADA-4BED-BE24-4961933F2417}"
EndProject
Global
	GlobalSection(SolutionConfigurationPlatforms) = preSolution
		Debug|Any CPU = Debug|Any CPU
		Release|Any CPU = Release|Any CPU
	EndGlobalSection
	GlobalSection(ProjectConfigurationPlatforms) = postSolution
		{17E4957F-5ADA-4BED-BE24-4961933F2417}.Debug|Any CPU.ActiveCfg = Debug|Any CPU
		{17E4957F-5ADA-4BED-BE24-4961933F2417}.Debug|Any CPU.Build.0 = Debug|Any CPU
		{17E4957F-5ADA-4BED-BE24-4961933F2417}.Release|Any CPU.ActiveCfg = Release|Any CPU
		{17E4957F-5ADA-4BED-BE24-4961933F2417}.Release|Any CPU.Build.0 = Release|Any CPU
	EndGlobalSection
	GlobalSection(SolutionProperties) = preSolution
		HideSolutionNode = FALSE
	EndGlobalSection
	GlobalSection(ExtensibilityGlobals) = postSolution
		SolutionGuid = {DE70FDD8-E8BC-4A26-9341-605A1D3C38ED}
	EndGlobalSection
EndGlobal
